
Microsoft Visual Studio Solution File, Format Version 12.00
# Visual Studio Version 16
VisualStudioVersion = 16.0.29905.134
MinimumVisualStudioVersion = 10.0.40219.1
Project("{FAE04EC0-301F-11D3-BF4B-00C04F79EFBC}") = "CmdWebApp", "CmdWebApp\CmdWebApp.csproj", "{1E991B0E-4BBF-4271-A3C1-A340CE707481}"
EndProject
Global
	GlobalSection(SolutionConfigurationPlatforms) = preSolution
		Debug|Any CPU = Debug|Any CPU
		Release|Any CPU = Release|Any CPU
	EndGlobalSection
	GlobalSection(ProjectConfigurationPlatforms) = postSolution
		{1E991B0E-4BBF-4271-A3C1-A340CE707481}.Debug|Any CPU.ActiveCfg = Debug|Any CPU
		{1E991B0E-4BBF-4271-A3C1-A340CE707481}.Debug|Any CPU.Build.0 = Debug|Any CPU
		{1E991B0E-4BBF-4271-A3C1-A340CE707481}.Release|Any CPU.ActiveCfg = Release|Any CPU
		{1E991B0E-4BBF-4271-A3C1-A340CE707481}.Release|Any CPU.Build.0 = Release|Any CPU
	EndGlobalSection
	GlobalSection(SolutionProperties) = preSolution
		HideSolutionNode = FALSE
	EndGlobalSection
	GlobalSection(ExtensibilityGlobals) = postSolution
		SolutionGuid = {914417CA-FC14-481A-8473-2DD8CA6F1558}
	EndGlobalSection
EndGlobal
